
Microsoft Visual Studio Solution File, Format Version 12.00
# Visual Studio 2013
VisualStudioVersion = 12.0.21005.1
MinimumVisualStudioVersion = 10.0.40219.1
Project("{8BC9CEB8-8B4A-11D0-8D11-00A0C91BC942}") = "01 最短路径", "01 最短路径\01 最短路径.vcxproj", "{3EC8F939-FE58-4FBF-83D3-256C2CE85811}"
EndProject
Project("{8BC9CEB8-8B4A-11D0-8D11-00A0C91BC942}") = "02 二叉排序树", "02 二叉排序树\02 二叉排序树.vcxproj", "{8C7AB38B-B60F-4D11-9C48-35D05426B4D4}"
EndProject
Project("{8BC9CEB8-8B4A-11D0-8D11-00A0C91BC942}") = "03 平衡二叉树", "03 平衡二叉树\03 平衡二叉树.vcxproj", "{3BFAD92E-FD87-4E00-8F58-EECCFE1E0F5F}"
EndProject
Global
	GlobalSection(SolutionConfigurationPlatforms) = preSolution
		Debug|Win32 = Debug|Win32
		Release|Win32 = Release|Win32
	EndGlobalSection
	GlobalSection(ProjectConfigurationPlatforms) = postSolution
		{3EC8F939-FE58-4FBF-83D3-256C2CE85811}.Debug|Win32.ActiveCfg = Debug|Win32
		{3EC8F939-FE58-4FBF-83D3-256C2CE85811}.Debug|Win32.Build.0 = Debug|Win32
		{3EC8F939-FE58-4FBF-83D3-256C2CE85811}.Release|Win32.ActiveCfg = Release|Win32
		{3EC8F939-FE58-4FBF-83D3-256C2CE85811}.Release|Win32.Build.0 = Release|Win32
		{8C7AB38B-B60F-4D11-9C48-35D05426B4D4}.Debug|Win32.ActiveCfg = Debug|Win32
		{8C7AB38B-B60F-4D11-9C48-35D05426B4D4}.Debug|Win32.Build.0 = Debug|Win32
		{8C7AB38B-B60F-4D11-9C48-35D05426B4D4}.Release|Win32.ActiveCfg = Release|Win32
		{8C7AB38B-B60F-4D11-9C48-35D05426B4D4}.Release|Win32.Build.0 = Release|Win32
		{3BFAD92E-FD87-4E00-8F58-EECCFE1E0F5F}.Debug|Win32.ActiveCfg = Debug|Win32
		{3BFAD92E-FD87-4E00-8F58-EECCFE1E0F5F}.Debug|Win32.Build.0 = Debug|Win32
		{3BFAD92E-FD87-4E00-8F58-EECCFE1E0F5F}.Release|Win32.ActiveCfg = Release|Win32
		{3BFAD92E-FD87-4E00-8F58-EECCFE1E0F5F}.Release|Win32.Build.0 = Release|Win32
	EndGlobalSection
	GlobalSection(SolutionProperties) = preSolution
		HideSolutionNode = FALSE
	EndGlobalSection
EndGlobal
