
Microsoft Visual Studio Solution File, Format Version 12.00
# Visual Studio 2013
VisualStudioVersion = 12.0.21005.1
MinimumVisualStudioVersion = 10.0.40219.1
Project("{8BC9CEB8-8B4A-11D0-8D11-00A0C91BC942}") = "01 邻接矩阵-无向图", "图\图.vcxproj", "{5ECF3B01-E9FB-4F13-949A-A64AAABC8464}"
EndProject
Project("{8BC9CEB8-8B4A-11D0-8D11-00A0C91BC942}") = "02 邻接矩阵-有向图", "02 邻接矩阵-有向图\02 邻接矩阵-有向图.vcxproj", "{1E77C322-487A-4A60-8097-EE69C415E925}"
EndProject
Project("{8BC9CEB8-8B4A-11D0-8D11-00A0C91BC942}") = "03 邻接表-无向图", "03 邻接表-无向图\03 邻接表-无向图.vcxproj", "{56EE2D5C-245A-4603-8972-E0F9A89153C9}"
EndProject
Global
	GlobalSection(SolutionConfigurationPlatforms) = preSolution
		Debug|Win32 = Debug|Win32
		Release|Win32 = Release|Win32
	EndGlobalSection
	GlobalSection(ProjectConfigurationPlatforms) = postSolution
		{5ECF3B01-E9FB-4F13-949A-A64AAABC8464}.Debug|Win32.ActiveCfg = Debug|Win32
		{5ECF3B01-E9FB-4F13-949A-A64AAABC8464}.Debug|Win32.Build.0 = Debug|Win32
		{5ECF3B01-E9FB-4F13-949A-A64AAABC8464}.Release|Win32.ActiveCfg = Release|Win32
		{5ECF3B01-E9FB-4F13-949A-A64AAABC8464}.Release|Win32.Build.0 = Release|Win32
		{1E77C322-487A-4A60-8097-EE69C415E925}.Debug|Win32.ActiveCfg = Debug|Win32
		{1E77C322-487A-4A60-8097-EE69C415E925}.Debug|Win32.Build.0 = Debug|Win32
		{1E77C322-487A-4A60-8097-EE69C415E925}.Release|Win32.ActiveCfg = Release|Win32
		{1E77C322-487A-4A60-8097-EE69C415E925}.Release|Win32.Build.0 = Release|Win32
		{56EE2D5C-245A-4603-8972-E0F9A89153C9}.Debug|Win32.ActiveCfg = Debug|Win32
		{56EE2D5C-245A-4603-8972-E0F9A89153C9}.Debug|Win32.Build.0 = Debug|Win32
		{56EE2D5C-245A-4603-8972-E0F9A89153C9}.Release|Win32.ActiveCfg = Release|Win32
		{56EE2D5C-245A-4603-8972-E0F9A89153C9}.Release|Win32.Build.0 = Release|Win32
	EndGlobalSection
	GlobalSection(SolutionProperties) = preSolution
		HideSolutionNode = FALSE
	EndGlobalSection
EndGlobal
