
Microsoft Visual Studio Solution File, Format Version 12.00
# Visual Studio 2013
VisualStudioVersion = 12.0.21005.1
MinimumVisualStudioVersion = 10.0.40219.1
Project("{8BC9CEB8-8B4A-11D0-8D11-00A0C91BC942}") = "01 函数模板", "01 函数模板\01 函数模板.vcxproj", "{7D7AFDE6-F87C-44DE-A030-0BDF36E45E1C}"
EndProject
Project("{8BC9CEB8-8B4A-11D0-8D11-00A0C91BC942}") = "02 char和 int类型数组进行排序", "02 char和 int类型数组进行排序\02 char和 int类型数组进行排序.vcxproj", "{43F22C5B-AB80-499B-AF5A-A73DB766D372}"
EndProject
Project("{8BC9CEB8-8B4A-11D0-8D11-00A0C91BC942}") = "03 函数模板和普通函数的区别以及调用规则", "03 函数模板和普通函数的区别以及调用规则\03 函数模板和普通函数的区别以及调用规则.vcxproj", "{DBB2B1BC-7451-48AD-B15E-1AB07E810662}"
EndProject
Project("{8BC9CEB8-8B4A-11D0-8D11-00A0C91BC942}") = "04 模板局限性", "04 模板局限性\04 模板局限性.vcxproj", "{84A5878E-CE26-478C-8FAD-5057B615040E}"
EndProject
Project("{8BC9CEB8-8B4A-11D0-8D11-00A0C91BC942}") = "05 类模板", "05 类模板\05 类模板.vcxproj", "{77E18BEB-0B54-4C0F-9755-25258FE4ED67}"
EndProject
Project("{8BC9CEB8-8B4A-11D0-8D11-00A0C91BC942}") = "06 类模板中的成员函数创建时机", "06 类模板中的成员函数创建时机\06 类模板中的成员函数创建时机.vcxproj", "{B75DDDAE-6E47-481B-A3A8-ED297A981782}"
EndProject
Project("{8BC9CEB8-8B4A-11D0-8D11-00A0C91BC942}") = "07 类模板做函数参数", "07 类模板做函数参数\07 类模板做函数参数.vcxproj", "{28113A2F-4969-4568-92C2-825797E64C3F}"
EndProject
Project("{8BC9CEB8-8B4A-11D0-8D11-00A0C91BC942}") = "08 类模板碰到继承的问题以及解决", "08 类模板碰到继承的问题以及解决\08 类模板碰到继承的问题以及解决.vcxproj", "{F8271D92-2CD3-40C0-9B8F-17FBA8586DF1}"
EndProject
Project("{8BC9CEB8-8B4A-11D0-8D11-00A0C91BC942}") = "09 类模板中的成员函数类外实现", "09 类模板中的成员函数类外实现\09 类模板中的成员函数类外实现.vcxproj", "{E3162A85-FC79-45BE-B5AF-BE81F1D03CE1}"
EndProject
Project("{8BC9CEB8-8B4A-11D0-8D11-00A0C91BC942}") = "10 类模板中的成员函数分文件编写", "10 类模板中的成员函数分文件编写\10 类模板中的成员函数分文件编写.vcxproj", "{9DA21F2A-0D4E-4A44-B5E2-82F38D9F1FB6}"
EndProject
Project("{8BC9CEB8-8B4A-11D0-8D11-00A0C91BC942}") = "11 类模板碰到友元函数", "11 类模板碰到友元函数\11 类模板碰到友元函数.vcxproj", "{A22B8FEA-9C4D-430C-A492-F366A4233587}"
EndProject
Project("{8BC9CEB8-8B4A-11D0-8D11-00A0C91BC942}") = "12 类模板应用-数组类封装", "12 类模板应用-数组类封装\12 类模板应用-数组类封装.vcxproj", "{1387EC96-99CA-418A-AB74-6C67372FA2D0}"
EndProject
Global
	GlobalSection(SolutionConfigurationPlatforms) = preSolution
		Debug|Win32 = Debug|Win32
		Release|Win32 = Release|Win32
	EndGlobalSection
	GlobalSection(ProjectConfigurationPlatforms) = postSolution
		{7D7AFDE6-F87C-44DE-A030-0BDF36E45E1C}.Debug|Win32.ActiveCfg = Debug|Win32
		{7D7AFDE6-F87C-44DE-A030-0BDF36E45E1C}.Debug|Win32.Build.0 = Debug|Win32
		{7D7AFDE6-F87C-44DE-A030-0BDF36E45E1C}.Release|Win32.ActiveCfg = Release|Win32
		{7D7AFDE6-F87C-44DE-A030-0BDF36E45E1C}.Release|Win32.Build.0 = Release|Win32
		{43F22C5B-AB80-499B-AF5A-A73DB766D372}.Debug|Win32.ActiveCfg = Debug|Win32
		{43F22C5B-AB80-499B-AF5A-A73DB766D372}.Debug|Win32.Build.0 = Debug|Win32
		{43F22C5B-AB80-499B-AF5A-A73DB766D372}.Release|Win32.ActiveCfg = Release|Win32
		{43F22C5B-AB80-499B-AF5A-A73DB766D372}.Release|Win32.Build.0 = Release|Win32
		{DBB2B1BC-7451-48AD-B15E-1AB07E810662}.Debug|Win32.ActiveCfg = Debug|Win32
		{DBB2B1BC-7451-48AD-B15E-1AB07E810662}.Debug|Win32.Build.0 = Debug|Win32
		{DBB2B1BC-7451-48AD-B15E-1AB07E810662}.Release|Win32.ActiveCfg = Release|Win32
		{DBB2B1BC-7451-48AD-B15E-1AB07E810662}.Release|Win32.Build.0 = Release|Win32
		{84A5878E-CE26-478C-8FAD-5057B615040E}.Debug|Win32.ActiveCfg = Debug|Win32
		{84A5878E-CE26-478C-8FAD-5057B615040E}.Debug|Win32.Build.0 = Debug|Win32
		{84A5878E-CE26-478C-8FAD-5057B615040E}.Release|Win32.ActiveCfg = Release|Win32
		{84A5878E-CE26-478C-8FAD-5057B615040E}.Release|Win32.Build.0 = Release|Win32
		{77E18BEB-0B54-4C0F-9755-25258FE4ED67}.Debug|Win32.ActiveCfg = Debug|Win32
		{77E18BEB-0B54-4C0F-9755-25258FE4ED67}.Debug|Win32.Build.0 = Debug|Win32
		{77E18BEB-0B54-4C0F-9755-25258FE4ED67}.Release|Win32.ActiveCfg = Release|Win32
		{77E18BEB-0B54-4C0F-9755-25258FE4ED67}.Release|Win32.Build.0 = Release|Win32
		{B75DDDAE-6E47-481B-A3A8-ED297A981782}.Debug|Win32.ActiveCfg = Debug|Win32
		{B75DDDAE-6E47-481B-A3A8-ED297A981782}.Debug|Win32.Build.0 = Debug|Win32
		{B75DDDAE-6E47-481B-A3A8-ED297A981782}.Release|Win32.ActiveCfg = Release|Win32
		{B75DDDAE-6E47-481B-A3A8-ED297A981782}.Release|Win32.Build.0 = Release|Win32
		{28113A2F-4969-4568-92C2-825797E64C3F}.Debug|Win32.ActiveCfg = Debug|Win32
		{28113A2F-4969-4568-92C2-825797E64C3F}.Debug|Win32.Build.0 = Debug|Win32
		{28113A2F-4969-4568-92C2-825797E64C3F}.Release|Win32.ActiveCfg = Release|Win32
		{28113A2F-4969-4568-92C2-825797E64C3F}.Release|Win32.Build.0 = Release|Win32
		{F8271D92-2CD3-40C0-9B8F-17FBA8586DF1}.Debug|Win32.ActiveCfg = Debug|Win32
		{F8271D92-2CD3-40C0-9B8F-17FBA8586DF1}.Debug|Win32.Build.0 = Debug|Win32
		{F8271D92-2CD3-40C0-9B8F-17FBA8586DF1}.Release|Win32.ActiveCfg = Release|Win32
		{F8271D92-2CD3-40C0-9B8F-17FBA8586DF1}.Release|Win32.Build.0 = Release|Win32
		{E3162A85-FC79-45BE-B5AF-BE81F1D03CE1}.Debug|Win32.ActiveCfg = Debug|Win32
		{E3162A85-FC79-45BE-B5AF-BE81F1D03CE1}.Debug|Win32.Build.0 = Debug|Win32
		{E3162A85-FC79-45BE-B5AF-BE81F1D03CE1}.Release|Win32.ActiveCfg = Release|Win32
		{E3162A85-FC79-45BE-B5AF-BE81F1D03CE1}.Release|Win32.Build.0 = Release|Win32
		{9DA21F2A-0D4E-4A44-B5E2-82F38D9F1FB6}.Debug|Win32.ActiveCfg = Debug|Win32
		{9DA21F2A-0D4E-4A44-B5E2-82F38D9F1FB6}.Debug|Win32.Build.0 = Debug|Win32
		{9DA21F2A-0D4E-4A44-B5E2-82F38D9F1FB6}.Release|Win32.ActiveCfg = Release|Win32
		{9DA21F2A-0D4E-4A44-B5E2-82F38D9F1FB6}.Release|Win32.Build.0 = Release|Win32
		{A22B8FEA-9C4D-430C-A492-F366A4233587}.Debug|Win32.ActiveCfg = Debug|Win32
		{A22B8FEA-9C4D-430C-A492-F366A4233587}.Debug|Win32.Build.0 = Debug|Win32
		{A22B8FEA-9C4D-430C-A492-F366A4233587}.Release|Win32.ActiveCfg = Release|Win32
		{A22B8FEA-9C4D-430C-A492-F366A4233587}.Release|Win32.Build.0 = Release|Win32
		{1387EC96-99CA-418A-AB74-6C67372FA2D0}.Debug|Win32.ActiveCfg = Debug|Win32
		{1387EC96-99CA-418A-AB74-6C67372FA2D0}.Debug|Win32.Build.0 = Debug|Win32
		{1387EC96-99CA-418A-AB74-6C67372FA2D0}.Release|Win32.ActiveCfg = Release|Win32
		{1387EC96-99CA-418A-AB74-6C67372FA2D0}.Release|Win32.Build.0 = Release|Win32
	EndGlobalSection
	GlobalSection(SolutionProperties) = preSolution
		HideSolutionNode = FALSE
	EndGlobalSection
EndGlobal
