
Microsoft Visual Studio Solution File, Format Version 12.00
# Visual Studio 2013
VisualStudioVersion = 12.0.21005.1
MinimumVisualStudioVersion = 10.0.40219.1
Project("{8BC9CEB8-8B4A-11D0-8D11-00A0C91BC942}") = "01 静态链表", "01 静态链表\01 静态链表.vcxproj", "{14CB9AF4-5043-4760-9C8E-602B77300FD4}"
EndProject
Project("{8BC9CEB8-8B4A-11D0-8D11-00A0C91BC942}") = "02 动态链表", "02 动态链表\02 动态链表.vcxproj", "{6BCBD60F-AEE6-44CD-B3C7-7C73385C32CD}"
EndProject
Project("{8BC9CEB8-8B4A-11D0-8D11-00A0C91BC942}") = "03 链表的基本操作", "03 链表的基本操作\03 链表的基本操作.vcxproj", "{01DA0ED0-D2D0-43C9-878B-0923C3FED323}"
EndProject
Project("{8BC9CEB8-8B4A-11D0-8D11-00A0C91BC942}") = "04 函数指针的定义方式", "04 函数指针的定义方式\04 函数指针的定义方式.vcxproj", "{EC0A1DB6-B2BC-4F62-9425-13A26D6E6ABC}"
EndProject
Project("{8BC9CEB8-8B4A-11D0-8D11-00A0C91BC942}") = "05 函数指针做函数参数", "05 函数指针做函数参数\05 函数指针做函数参数.vcxproj", "{91299C23-E000-403F-869D-D9920AE1644C}"
EndProject
Project("{8BC9CEB8-8B4A-11D0-8D11-00A0C91BC942}") = "06 回调函数案例", "06 回调函数案例\06 回调函数案例.vcxproj", "{2E1AB38D-AB2D-4552-8949-4BB4CFD38DAE}"
EndProject
Global
	GlobalSection(SolutionConfigurationPlatforms) = preSolution
		Debug|Win32 = Debug|Win32
		Release|Win32 = Release|Win32
	EndGlobalSection
	GlobalSection(ProjectConfigurationPlatforms) = postSolution
		{14CB9AF4-5043-4760-9C8E-602B77300FD4}.Debug|Win32.ActiveCfg = Debug|Win32
		{14CB9AF4-5043-4760-9C8E-602B77300FD4}.Debug|Win32.Build.0 = Debug|Win32
		{14CB9AF4-5043-4760-9C8E-602B77300FD4}.Release|Win32.ActiveCfg = Release|Win32
		{14CB9AF4-5043-4760-9C8E-602B77300FD4}.Release|Win32.Build.0 = Release|Win32
		{6BCBD60F-AEE6-44CD-B3C7-7C73385C32CD}.Debug|Win32.ActiveCfg = Debug|Win32
		{6BCBD60F-AEE6-44CD-B3C7-7C73385C32CD}.Debug|Win32.Build.0 = Debug|Win32
		{6BCBD60F-AEE6-44CD-B3C7-7C73385C32CD}.Release|Win32.ActiveCfg = Release|Win32
		{6BCBD60F-AEE6-44CD-B3C7-7C73385C32CD}.Release|Win32.Build.0 = Release|Win32
		{01DA0ED0-D2D0-43C9-878B-0923C3FED323}.Debug|Win32.ActiveCfg = Debug|Win32
		{01DA0ED0-D2D0-43C9-878B-0923C3FED323}.Debug|Win32.Build.0 = Debug|Win32
		{01DA0ED0-D2D0-43C9-878B-0923C3FED323}.Release|Win32.ActiveCfg = Release|Win32
		{01DA0ED0-D2D0-43C9-878B-0923C3FED323}.Release|Win32.Build.0 = Release|Win32
		{EC0A1DB6-B2BC-4F62-9425-13A26D6E6ABC}.Debug|Win32.ActiveCfg = Debug|Win32
		{EC0A1DB6-B2BC-4F62-9425-13A26D6E6ABC}.Debug|Win32.Build.0 = Debug|Win32
		{EC0A1DB6-B2BC-4F62-9425-13A26D6E6ABC}.Release|Win32.ActiveCfg = Release|Win32
		{EC0A1DB6-B2BC-4F62-9425-13A26D6E6ABC}.Release|Win32.Build.0 = Release|Win32
		{91299C23-E000-403F-869D-D9920AE1644C}.Debug|Win32.ActiveCfg = Debug|Win32
		{91299C23-E000-403F-869D-D9920AE1644C}.Debug|Win32.Build.0 = Debug|Win32
		{91299C23-E000-403F-869D-D9920AE1644C}.Release|Win32.ActiveCfg = Release|Win32
		{91299C23-E000-403F-869D-D9920AE1644C}.Release|Win32.Build.0 = Release|Win32
		{2E1AB38D-AB2D-4552-8949-4BB4CFD38DAE}.Debug|Win32.ActiveCfg = Debug|Win32
		{2E1AB38D-AB2D-4552-8949-4BB4CFD38DAE}.Debug|Win32.Build.0 = Debug|Win32
		{2E1AB38D-AB2D-4552-8949-4BB4CFD38DAE}.Release|Win32.ActiveCfg = Release|Win32
		{2E1AB38D-AB2D-4552-8949-4BB4CFD38DAE}.Release|Win32.Build.0 = Release|Win32
	EndGlobalSection
	GlobalSection(SolutionProperties) = preSolution
		HideSolutionNode = FALSE
	EndGlobalSection
EndGlobal
