
Microsoft Visual Studio Solution File, Format Version 12.00
# Visual Studio 2013
VisualStudioVersion = 12.0.21005.1
MinimumVisualStudioVersion = 10.0.40219.1
Project("{8BC9CEB8-8B4A-11D0-8D11-00A0C91BC942}") = "01 关系运算符重载", "01 关系运算符重载\01 关系运算符重载.vcxproj", "{C7B25A7E-0870-47D0-99B5-23B9DE3BB762}"
EndProject
Project("{8BC9CEB8-8B4A-11D0-8D11-00A0C91BC942}") = "02 函数调用运算符重载", "02 函数调用运算符重载\02 函数调用运算符重载.vcxproj", "{BF4A67AC-C1B6-4D98-B702-32FDDD8C882B}"
EndProject
Project("{8BC9CEB8-8B4A-11D0-8D11-00A0C91BC942}") = "03 强化训练-字符串类封装", "03 强化训练-字符串类封装\03 强化训练-字符串类封装.vcxproj", "{50FA491E-DB39-4070-81D2-844AC3BC4757}"
EndProject
Project("{8BC9CEB8-8B4A-11D0-8D11-00A0C91BC942}") = "04 继承基本语法", "04 继承基本语法\04 继承基本语法.vcxproj", "{2B193D06-49A8-4BE2-91AC-BB64055E9789}"
EndProject
Project("{8BC9CEB8-8B4A-11D0-8D11-00A0C91BC942}") = "05 继承方式", "05 继承方式\05 继承方式.vcxproj", "{3B9F857A-772F-44B1-B9CA-4AC60D632E38}"
EndProject
Project("{8BC9CEB8-8B4A-11D0-8D11-00A0C91BC942}") = "06 继承中的对象模型", "06 继承中的对象模型\06 继承中的对象模型.vcxproj", "{03604009-6BB4-44A9-ABC9-FE5DAC17D70D}"
EndProject
Project("{8BC9CEB8-8B4A-11D0-8D11-00A0C91BC942}") = "07 继承中的构造和析构", "07 继承中的构造和析构\07 继承中的构造和析构.vcxproj", "{824F5A76-2E5F-4632-BD54-E250B9610696}"
EndProject
Project("{8BC9CEB8-8B4A-11D0-8D11-00A0C91BC942}") = "08 继承中的同名成员处理", "08 继承中的同名成员处理\08 继承中的同名成员处理.vcxproj", "{9A78F84C-C111-42A6-9590-24BA1096AC41}"
EndProject
Project("{8BC9CEB8-8B4A-11D0-8D11-00A0C91BC942}") = "09 继承中的同名静态成员处理", "09 继承中的同名静态成员处理\09 继承中的同名静态成员处理.vcxproj", "{6F2AE9F6-1FCE-49EB-AB8F-863CFA142104}"
EndProject
Project("{8BC9CEB8-8B4A-11D0-8D11-00A0C91BC942}") = "10 多继承基本语法", "10 多继承基本语法\10 多继承基本语法.vcxproj", "{CAC97027-689A-4B4E-99EE-90350D4D4CBC}"
EndProject
Project("{8BC9CEB8-8B4A-11D0-8D11-00A0C91BC942}") = "11 菱形继承问题以及解决", "11 菱形继承问题以及解决\11 菱形继承问题以及解决.vcxproj", "{20AB8592-5C96-4A2C-9418-E7A043995C1F}"
EndProject
Global
	GlobalSection(SolutionConfigurationPlatforms) = preSolution
		Debug|Win32 = Debug|Win32
		Release|Win32 = Release|Win32
	EndGlobalSection
	GlobalSection(ProjectConfigurationPlatforms) = postSolution
		{C7B25A7E-0870-47D0-99B5-23B9DE3BB762}.Debug|Win32.ActiveCfg = Debug|Win32
		{C7B25A7E-0870-47D0-99B5-23B9DE3BB762}.Debug|Win32.Build.0 = Debug|Win32
		{C7B25A7E-0870-47D0-99B5-23B9DE3BB762}.Release|Win32.ActiveCfg = Release|Win32
		{C7B25A7E-0870-47D0-99B5-23B9DE3BB762}.Release|Win32.Build.0 = Release|Win32
		{BF4A67AC-C1B6-4D98-B702-32FDDD8C882B}.Debug|Win32.ActiveCfg = Debug|Win32
		{BF4A67AC-C1B6-4D98-B702-32FDDD8C882B}.Debug|Win32.Build.0 = Debug|Win32
		{BF4A67AC-C1B6-4D98-B702-32FDDD8C882B}.Release|Win32.ActiveCfg = Release|Win32
		{BF4A67AC-C1B6-4D98-B702-32FDDD8C882B}.Release|Win32.Build.0 = Release|Win32
		{50FA491E-DB39-4070-81D2-844AC3BC4757}.Debug|Win32.ActiveCfg = Debug|Win32
		{50FA491E-DB39-4070-81D2-844AC3BC4757}.Debug|Win32.Build.0 = Debug|Win32
		{50FA491E-DB39-4070-81D2-844AC3BC4757}.Release|Win32.ActiveCfg = Release|Win32
		{50FA491E-DB39-4070-81D2-844AC3BC4757}.Release|Win32.Build.0 = Release|Win32
		{2B193D06-49A8-4BE2-91AC-BB64055E9789}.Debug|Win32.ActiveCfg = Debug|Win32
		{2B193D06-49A8-4BE2-91AC-BB64055E9789}.Debug|Win32.Build.0 = Debug|Win32
		{2B193D06-49A8-4BE2-91AC-BB64055E9789}.Release|Win32.ActiveCfg = Release|Win32
		{2B193D06-49A8-4BE2-91AC-BB64055E9789}.Release|Win32.Build.0 = Release|Win32
		{3B9F857A-772F-44B1-B9CA-4AC60D632E38}.Debug|Win32.ActiveCfg = Debug|Win32
		{3B9F857A-772F-44B1-B9CA-4AC60D632E38}.Debug|Win32.Build.0 = Debug|Win32
		{3B9F857A-772F-44B1-B9CA-4AC60D632E38}.Release|Win32.ActiveCfg = Release|Win32
		{3B9F857A-772F-44B1-B9CA-4AC60D632E38}.Release|Win32.Build.0 = Release|Win32
		{03604009-6BB4-44A9-ABC9-FE5DAC17D70D}.Debug|Win32.ActiveCfg = Debug|Win32
		{03604009-6BB4-44A9-ABC9-FE5DAC17D70D}.Debug|Win32.Build.0 = Debug|Win32
		{03604009-6BB4-44A9-ABC9-FE5DAC17D70D}.Release|Win32.ActiveCfg = Release|Win32
		{03604009-6BB4-44A9-ABC9-FE5DAC17D70D}.Release|Win32.Build.0 = Release|Win32
		{824F5A76-2E5F-4632-BD54-E250B9610696}.Debug|Win32.ActiveCfg = Debug|Win32
		{824F5A76-2E5F-4632-BD54-E250B9610696}.Debug|Win32.Build.0 = Debug|Win32
		{824F5A76-2E5F-4632-BD54-E250B9610696}.Release|Win32.ActiveCfg = Release|Win32
		{824F5A76-2E5F-4632-BD54-E250B9610696}.Release|Win32.Build.0 = Release|Win32
		{9A78F84C-C111-42A6-9590-24BA1096AC41}.Debug|Win32.ActiveCfg = Debug|Win32
		{9A78F84C-C111-42A6-9590-24BA1096AC41}.Debug|Win32.Build.0 = Debug|Win32
		{9A78F84C-C111-42A6-9590-24BA1096AC41}.Release|Win32.ActiveCfg = Release|Win32
		{9A78F84C-C111-42A6-9590-24BA1096AC41}.Release|Win32.Build.0 = Release|Win32
		{6F2AE9F6-1FCE-49EB-AB8F-863CFA142104}.Debug|Win32.ActiveCfg = Debug|Win32
		{6F2AE9F6-1FCE-49EB-AB8F-863CFA142104}.Debug|Win32.Build.0 = Debug|Win32
		{6F2AE9F6-1FCE-49EB-AB8F-863CFA142104}.Release|Win32.ActiveCfg = Release|Win32
		{6F2AE9F6-1FCE-49EB-AB8F-863CFA142104}.Release|Win32.Build.0 = Release|Win32
		{CAC97027-689A-4B4E-99EE-90350D4D4CBC}.Debug|Win32.ActiveCfg = Debug|Win32
		{CAC97027-689A-4B4E-99EE-90350D4D4CBC}.Debug|Win32.Build.0 = Debug|Win32
		{CAC97027-689A-4B4E-99EE-90350D4D4CBC}.Release|Win32.ActiveCfg = Release|Win32
		{CAC97027-689A-4B4E-99EE-90350D4D4CBC}.Release|Win32.Build.0 = Release|Win32
		{20AB8592-5C96-4A2C-9418-E7A043995C1F}.Debug|Win32.ActiveCfg = Debug|Win32
		{20AB8592-5C96-4A2C-9418-E7A043995C1F}.Debug|Win32.Build.0 = Debug|Win32
		{20AB8592-5C96-4A2C-9418-E7A043995C1F}.Release|Win32.ActiveCfg = Release|Win32
		{20AB8592-5C96-4A2C-9418-E7A043995C1F}.Release|Win32.Build.0 = Release|Win32
	EndGlobalSection
	GlobalSection(SolutionProperties) = preSolution
		HideSolutionNode = FALSE
	EndGlobalSection
EndGlobal
